
Microsoft Visual Studio Solution File, Format Version 12.00
# Visual Studio Version 16
VisualStudioVersion = 16.0.31624.102
MinimumVisualStudioVersion = 10.0.40219.1
Project("{FAE04EC0-301F-11D3-BF4B-00C04F79EFBC}") = "SampleCloudAKSDeploy", "SampleCloudAKSDeploy.csproj", "{864BFA19-E8F7-4A5D-9B11-77CFBDE726CA}"
EndProject
Global
	GlobalSection(SolutionConfigurationPlatforms) = preSolution
		Debug|Any CPU = Debug|Any CPU
		Release|Any CPU = Release|Any CPU
	EndGlobalSection
	GlobalSection(ProjectConfigurationPlatforms) = postSolution
		{864BFA19-E8F7-4A5D-9B11-77CFBDE726CA}.Debug|Any CPU.ActiveCfg = Debug|Any CPU
		{864BFA19-E8F7-4A5D-9B11-77CFBDE726CA}.Debug|Any CPU.Build.0 = Debug|Any CPU
		{864BFA19-E8F7-4A5D-9B11-77CFBDE726CA}.Release|Any CPU.ActiveCfg = Release|Any CPU
		{864BFA19-E8F7-4A5D-9B11-77CFBDE726CA}.Release|Any CPU.Build.0 = Release|Any CPU
	EndGlobalSection
	GlobalSection(SolutionProperties) = preSolution
		HideSolutionNode = FALSE
	EndGlobalSection
	GlobalSection(ExtensibilityGlobals) = postSolution
		SolutionGuid = {3E1F7659-7015-4389-A648-83B73CE33706}
	EndGlobalSection
EndGlobal
